
Microsoft Visual Studio Solution File, Format Version 12.00
# Visual Studio Version 17
VisualStudioVersion = 17.1.32210.238
MinimumVisualStudioVersion = 10.0.40219.1
Project("{FAE04EC0-301F-11D3-BF4B-00C04F79EFBC}") = "DatatypeDescription", "DatatypeDescription\DatatypeDescription.csproj", "{938799CC-9E89-43AE-AD15-5C49B1ABC5C1}"
EndProject
Global
	GlobalSection(SolutionConfigurationPlatforms) = preSolution
		Debug|Any CPU = Debug|Any CPU
		Release|Any CPU = Release|Any CPU
	EndGlobalSection
	GlobalSection(ProjectConfigurationPlatforms) = postSolution
		{938799CC-9E89-43AE-AD15-5C49B1ABC5C1}.Debug|Any CPU.ActiveCfg = Debug|Any CPU
		{938799CC-9E89-43AE-AD15-5C49B1ABC5C1}.Debug|Any CPU.Build.0 = Debug|Any CPU
		{938799CC-9E89-43AE-AD15-5C49B1ABC5C1}.Release|Any CPU.ActiveCfg = Release|Any CPU
		{938799CC-9E89-43AE-AD15-5C49B1ABC5C1}.Release|Any CPU.Build.0 = Release|Any CPU
	EndGlobalSection
	GlobalSection(SolutionProperties) = preSolution
		HideSolutionNode = FALSE
	EndGlobalSection
	GlobalSection(ExtensibilityGlobals) = postSolution
		SolutionGuid = {B352020C-84C9-4D27-8FBA-F5460DC50584}
	EndGlobalSection
EndGlobal
